
Microsoft Visual Studio Solution File, Format Version 12.00
Project("{FAE04EC0-301F-11D3-BF4B-00C04F79EFBC}") = "ConsoleApp", "ConsoleApp\ConsoleApp.csproj", "{953968BA-BBDA-4367-A6ED-2D77401196A8}"
EndProject
Project("{FAE04EC0-301F-11D3-BF4B-00C04F79EFBC}") = "MyLibrary", "MyLibrary\MyLibrary.csproj", "{5F2AE2E7-2061-4B77-A0CB-86C24005DD28}"
EndProject
Project("{FAE04EC0-301F-11D3-BF4B-00C04F79EFBC}") = "MyLibraryTest", "MyLibraryTest\MyLibraryTest.csproj", "{5FC7105D-D929-4950-A320-7FB47B0CF128}"
EndProject
Global
	GlobalSection(SolutionConfigurationPlatforms) = preSolution
		Debug|Any CPU = Debug|Any CPU
		Release|Any CPU = Release|Any CPU
	EndGlobalSection
	GlobalSection(ProjectConfigurationPlatforms) = postSolution
		{953968BA-BBDA-4367-A6ED-2D77401196A8}.Debug|Any CPU.ActiveCfg = Debug|Any CPU
		{953968BA-BBDA-4367-A6ED-2D77401196A8}.Debug|Any CPU.Build.0 = Debug|Any CPU
		{953968BA-BBDA-4367-A6ED-2D77401196A8}.Release|Any CPU.ActiveCfg = Release|Any CPU
		{953968BA-BBDA-4367-A6ED-2D77401196A8}.Release|Any CPU.Build.0 = Release|Any CPU
		{5F2AE2E7-2061-4B77-A0CB-86C24005DD28}.Debug|Any CPU.ActiveCfg = Debug|Any CPU
		{5F2AE2E7-2061-4B77-A0CB-86C24005DD28}.Debug|Any CPU.Build.0 = Debug|Any CPU
		{5F2AE2E7-2061-4B77-A0CB-86C24005DD28}.Release|Any CPU.ActiveCfg = Release|Any CPU
		{5F2AE2E7-2061-4B77-A0CB-86C24005DD28}.Release|Any CPU.Build.0 = Release|Any CPU
		{5FC7105D-D929-4950-A320-7FB47B0CF128}.Debug|Any CPU.ActiveCfg = Debug|Any CPU
		{5FC7105D-D929-4950-A320-7FB47B0CF128}.Debug|Any CPU.Build.0 = Debug|Any CPU
		{5FC7105D-D929-4950-A320-7FB47B0CF128}.Release|Any CPU.ActiveCfg = Release|Any CPU
		{5FC7105D-D929-4950-A320-7FB47B0CF128}.Release|Any CPU.Build.0 = Release|Any CPU
	EndGlobalSection
EndGlobal
